
Microsoft Visual Studio Solution File, Format Version 12.00
# Visual Studio Version 17
VisualStudioVersion = 17.4.33205.214
MinimumVisualStudioVersion = 10.0.40219.1
Project("{2150E333-8FDC-42A3-9474-1A3956D46DE8}") = "1 - Layers", "1 - Layers", "{0551D032-662C-4D8A-A7D7-87AB22D3E168}"
EndProject
Project("{2150E333-8FDC-42A3-9474-1A3956D46DE8}") = "PixelService", "PixelService", "{FEA13B7A-519A-437F-BA08-B84E69343A56}"
EndProject
Project("{2150E333-8FDC-42A3-9474-1A3956D46DE8}") = "1.1 - Presentation", "1.1 - Presentation", "{7ECF91CC-7F1B-479A-8549-83B423D397C2}"
EndProject
Project("{2150E333-8FDC-42A3-9474-1A3956D46DE8}") = "1.2 - Application", "1.2 - Application", "{C23B84D4-BD85-470D-88BC-E22ECCF95D6F}"
EndProject
Project("{2150E333-8FDC-42A3-9474-1A3956D46DE8}") = "1.3 - CrossCutting", "1.3 - CrossCutting", "{9A5ABE8B-DF57-4AEB-826D-92A3C9FB3AEC}"
EndProject
Project("{2150E333-8FDC-42A3-9474-1A3956D46DE8}") = "2 - Tests", "2 - Tests", "{4A7A5B91-DFDD-412E-B87D-DD88F64D4129}"
EndProject
Project("{2150E333-8FDC-42A3-9474-1A3956D46DE8}") = "StorageService", "StorageService", "{CD8626CA-AC8A-455A-9209-0EAC1656A259}"
EndProject
Project("{2150E333-8FDC-42A3-9474-1A3956D46DE8}") = "1 - Layers", "1 - Layers", "{6ED24D6A-2F65-47AF-88ED-787907760CBF}"
EndProject
Project("{2150E333-8FDC-42A3-9474-1A3956D46DE8}") = "2 - Tests", "2 - Tests", "{FC72615B-FD1F-4142-9A39-332BA15358C2}"
EndProject
Project("{2150E333-8FDC-42A3-9474-1A3956D46DE8}") = "1.1 - Presentation", "1.1 - Presentation", "{37808694-92A7-499C-A86E-DF70BF44DD26}"
EndProject
Project("{9A19103F-16F7-4668-BE54-9A1E7A4F7556}") = "Storage.Api", "Storage.Api\Storage.Api.csproj", "{8EA530B2-C5E6-48A1-B510-CB45FFA66598}"
EndProject
Project("{2150E333-8FDC-42A3-9474-1A3956D46DE8}") = "1.2 - Application", "1.2 - Application", "{50ED08F2-388E-4C0C-A576-F5F4FBD37BF3}"
EndProject
Project("{2150E333-8FDC-42A3-9474-1A3956D46DE8}") = "1.3 - Data", "1.3 - Data", "{CAC546A9-F28E-4F5E-8257-211A3963CAF9}"
EndProject
Project("{2150E333-8FDC-42A3-9474-1A3956D46DE8}") = "1.4 - CrossCutting", "1.4 - CrossCutting", "{9988BD6C-91D1-42AB-BB86-ED0B976D4082}"
EndProject
Project("{9A19103F-16F7-4668-BE54-9A1E7A4F7556}") = "Storage.CrossCutting", "Storage.CrossCutting\Storage.CrossCutting.csproj", "{93F02B9F-03DA-4972-BE80-BC1E192DD6FB}"
EndProject
Project("{9A19103F-16F7-4668-BE54-9A1E7A4F7556}") = "Storage.Application.Messaging", "Storage.Application.Messaging\Storage.Application.Messaging.csproj", "{9A9AA579-62FF-4E9C-AD2F-F70E0B2310E1}"
EndProject
Project("{9A19103F-16F7-4668-BE54-9A1E7A4F7556}") = "Storage.Application.Services", "Storage.Application.Services\Storage.Application.Services.csproj", "{1C138703-245B-477B-AE4F-D4DFD2FD6889}"
EndProject
Project("{9A19103F-16F7-4668-BE54-9A1E7A4F7556}") = "Storage.Application.Dto", "Storage.Application.Dto\Storage.Application.Dto.csproj", "{E524C54D-287E-4130-A69E-F4A30BF4EB13}"
EndProject
Project("{9A19103F-16F7-4668-BE54-9A1E7A4F7556}") = "Storage.Data.Repositories", "Storage.Data\Storage.Data.Repositories.csproj", "{B6105901-2B81-4ED5-BE72-D5181504B910}"
EndProject
Project("{2150E333-8FDC-42A3-9474-1A3956D46DE8}") = "PixelEvents", "PixelEvents", "{51D4F3F6-3C3B-47D6-933F-F6FAEDDE3AAF}"
EndProject
Project("{9A19103F-16F7-4668-BE54-9A1E7A4F7556}") = "Pixel.Events", "Pixel.Events\Pixel.Events.csproj", "{7F48ECD6-2E29-4AA5-B908-AF6D2CEB9918}"
EndProject
Project("{9A19103F-16F7-4668-BE54-9A1E7A4F7556}") = "Pixel.Api", "Pixel.Api\Pixel.Api.csproj", "{016D4274-42B2-46CD-805A-BAAF5FA6C225}"
EndProject
Project("{9A19103F-16F7-4668-BE54-9A1E7A4F7556}") = "Pixel.Application.Dto", "Pixel.Application.Dto\Pixel.Application.Dto.csproj", "{3061A99A-C0A5-411F-AD12-CB8A0510C912}"
EndProject
Project("{9A19103F-16F7-4668-BE54-9A1E7A4F7556}") = "Pixel.Application.Services", "Pixel.Application.Services\Pixel.Application.Services.csproj", "{A2579947-2196-45E9-8502-8BF57CF564D4}"
EndProject
Project("{9A19103F-16F7-4668-BE54-9A1E7A4F7556}") = "Pixel.Application.Messaging", "Pixel.Application.Messaging\Pixel.Application.Messaging.csproj", "{D5CB78B8-1096-4292-9AC9-4A748563399E}"
EndProject
Project("{9A19103F-16F7-4668-BE54-9A1E7A4F7556}") = "Pixel.CrossCutting", "Pixel.CrossCutting\Pixel.CrossCutting.csproj", "{D52176F5-0F63-4DCC-8752-44C0DDE3C433}"
EndProject
Project("{9A19103F-16F7-4668-BE54-9A1E7A4F7556}") = "Pixel.Unit.Tests", "Pixel.Unit.Tests\Pixel.Unit.Tests.csproj", "{00BC8934-2201-412B-AC47-D4BF66408267}"
EndProject
Project("{FAE04EC0-301F-11D3-BF4B-00C04F79EFBC}") = "Storage.Unit.Tests", "Storage.Unit.Tests\Storage.Unit.Tests.csproj", "{61E2A9B8-1C3D-45CF-AAFE-ED79981D6D40}"
EndProject
Global
	GlobalSection(SolutionConfigurationPlatforms) = preSolution
		Debug|Any CPU = Debug|Any CPU
		Release|Any CPU = Release|Any CPU
	EndGlobalSection
	GlobalSection(ProjectConfigurationPlatforms) = postSolution
		{8EA530B2-C5E6-48A1-B510-CB45FFA66598}.Debug|Any CPU.ActiveCfg = Debug|Any CPU
		{8EA530B2-C5E6-48A1-B510-CB45FFA66598}.Debug|Any CPU.Build.0 = Debug|Any CPU
		{8EA530B2-C5E6-48A1-B510-CB45FFA66598}.Release|Any CPU.ActiveCfg = Release|Any CPU
		{8EA530B2-C5E6-48A1-B510-CB45FFA66598}.Release|Any CPU.Build.0 = Release|Any CPU
		{93F02B9F-03DA-4972-BE80-BC1E192DD6FB}.Debug|Any CPU.ActiveCfg = Debug|Any CPU
		{93F02B9F-03DA-4972-BE80-BC1E192DD6FB}.Debug|Any CPU.Build.0 = Debug|Any CPU
		{93F02B9F-03DA-4972-BE80-BC1E192DD6FB}.Release|Any CPU.ActiveCfg = Release|Any CPU
		{93F02B9F-03DA-4972-BE80-BC1E192DD6FB}.Release|Any CPU.Build.0 = Release|Any CPU
		{9A9AA579-62FF-4E9C-AD2F-F70E0B2310E1}.Debug|Any CPU.ActiveCfg = Debug|Any CPU
		{9A9AA579-62FF-4E9C-AD2F-F70E0B2310E1}.Debug|Any CPU.Build.0 = Debug|Any CPU
		{9A9AA579-62FF-4E9C-AD2F-F70E0B2310E1}.Release|Any CPU.ActiveCfg = Release|Any CPU
		{9A9AA579-62FF-4E9C-AD2F-F70E0B2310E1}.Release|Any CPU.Build.0 = Release|Any CPU
		{1C138703-245B-477B-AE4F-D4DFD2FD6889}.Debug|Any CPU.ActiveCfg = Debug|Any CPU
		{1C138703-245B-477B-AE4F-D4DFD2FD6889}.Debug|Any CPU.Build.0 = Debug|Any CPU
		{1C138703-245B-477B-AE4F-D4DFD2FD6889}.Release|Any CPU.ActiveCfg = Release|Any CPU
		{1C138703-245B-477B-AE4F-D4DFD2FD6889}.Release|Any CPU.Build.0 = Release|Any CPU
		{E524C54D-287E-4130-A69E-F4A30BF4EB13}.Debug|Any CPU.ActiveCfg = Debug|Any CPU
		{E524C54D-287E-4130-A69E-F4A30BF4EB13}.Debug|Any CPU.Build.0 = Debug|Any CPU
		{E524C54D-287E-4130-A69E-F4A30BF4EB13}.Release|Any CPU.ActiveCfg = Release|Any CPU
		{E524C54D-287E-4130-A69E-F4A30BF4EB13}.Release|Any CPU.Build.0 = Release|Any CPU
		{B6105901-2B81-4ED5-BE72-D5181504B910}.Debug|Any CPU.ActiveCfg = Debug|Any CPU
		{B6105901-2B81-4ED5-BE72-D5181504B910}.Debug|Any CPU.Build.0 = Debug|Any CPU
		{B6105901-2B81-4ED5-BE72-D5181504B910}.Release|Any CPU.ActiveCfg = Release|Any CPU
		{B6105901-2B81-4ED5-BE72-D5181504B910}.Release|Any CPU.Build.0 = Release|Any CPU
		{7F48ECD6-2E29-4AA5-B908-AF6D2CEB9918}.Debug|Any CPU.ActiveCfg = Debug|Any CPU
		{7F48ECD6-2E29-4AA5-B908-AF6D2CEB9918}.Debug|Any CPU.Build.0 = Debug|Any CPU
		{7F48ECD6-2E29-4AA5-B908-AF6D2CEB9918}.Release|Any CPU.ActiveCfg = Release|Any CPU
		{7F48ECD6-2E29-4AA5-B908-AF6D2CEB9918}.Release|Any CPU.Build.0 = Release|Any CPU
		{016D4274-42B2-46CD-805A-BAAF5FA6C225}.Debug|Any CPU.ActiveCfg = Debug|Any CPU
		{016D4274-42B2-46CD-805A-BAAF5FA6C225}.Debug|Any CPU.Build.0 = Debug|Any CPU
		{016D4274-42B2-46CD-805A-BAAF5FA6C225}.Release|Any CPU.ActiveCfg = Release|Any CPU
		{016D4274-42B2-46CD-805A-BAAF5FA6C225}.Release|Any CPU.Build.0 = Release|Any CPU
		{3061A99A-C0A5-411F-AD12-CB8A0510C912}.Debug|Any CPU.ActiveCfg = Debug|Any CPU
		{3061A99A-C0A5-411F-AD12-CB8A0510C912}.Debug|Any CPU.Build.0 = Debug|Any CPU
		{3061A99A-C0A5-411F-AD12-CB8A0510C912}.Release|Any CPU.ActiveCfg = Release|Any CPU
		{3061A99A-C0A5-411F-AD12-CB8A0510C912}.Release|Any CPU.Build.0 = Release|Any CPU
		{A2579947-2196-45E9-8502-8BF57CF564D4}.Debug|Any CPU.ActiveCfg = Debug|Any CPU
		{A2579947-2196-45E9-8502-8BF57CF564D4}.Debug|Any CPU.Build.0 = Debug|Any CPU
		{A2579947-2196-45E9-8502-8BF57CF564D4}.Release|Any CPU.ActiveCfg = Release|Any CPU
		{A2579947-2196-45E9-8502-8BF57CF564D4}.Release|Any CPU.Build.0 = Release|Any CPU
		{D5CB78B8-1096-4292-9AC9-4A748563399E}.Debug|Any CPU.ActiveCfg = Debug|Any CPU
		{D5CB78B8-1096-4292-9AC9-4A748563399E}.Debug|Any CPU.Build.0 = Debug|Any CPU
		{D5CB78B8-1096-4292-9AC9-4A748563399E}.Release|Any CPU.ActiveCfg = Release|Any CPU
		{D5CB78B8-1096-4292-9AC9-4A748563399E}.Release|Any CPU.Build.0 = Release|Any CPU
		{D52176F5-0F63-4DCC-8752-44C0DDE3C433}.Debug|Any CPU.ActiveCfg = Debug|Any CPU
		{D52176F5-0F63-4DCC-8752-44C0DDE3C433}.Debug|Any CPU.Build.0 = Debug|Any CPU
		{D52176F5-0F63-4DCC-8752-44C0DDE3C433}.Release|Any CPU.ActiveCfg = Release|Any CPU
		{D52176F5-0F63-4DCC-8752-44C0DDE3C433}.Release|Any CPU.Build.0 = Release|Any CPU
		{00BC8934-2201-412B-AC47-D4BF66408267}.Debug|Any CPU.ActiveCfg = Debug|Any CPU
		{00BC8934-2201-412B-AC47-D4BF66408267}.Debug|Any CPU.Build.0 = Debug|Any CPU
		{00BC8934-2201-412B-AC47-D4BF66408267}.Release|Any CPU.ActiveCfg = Release|Any CPU
		{00BC8934-2201-412B-AC47-D4BF66408267}.Release|Any CPU.Build.0 = Release|Any CPU
		{61E2A9B8-1C3D-45CF-AAFE-ED79981D6D40}.Debug|Any CPU.ActiveCfg = Debug|Any CPU
		{61E2A9B8-1C3D-45CF-AAFE-ED79981D6D40}.Debug|Any CPU.Build.0 = Debug|Any CPU
		{61E2A9B8-1C3D-45CF-AAFE-ED79981D6D40}.Release|Any CPU.ActiveCfg = Release|Any CPU
		{61E2A9B8-1C3D-45CF-AAFE-ED79981D6D40}.Release|Any CPU.Build.0 = Release|Any CPU
	EndGlobalSection
	GlobalSection(SolutionProperties) = preSolution
		HideSolutionNode = FALSE
	EndGlobalSection
	GlobalSection(NestedProjects) = preSolution
		{0551D032-662C-4D8A-A7D7-87AB22D3E168} = {FEA13B7A-519A-437F-BA08-B84E69343A56}
		{7ECF91CC-7F1B-479A-8549-83B423D397C2} = {0551D032-662C-4D8A-A7D7-87AB22D3E168}
		{C23B84D4-BD85-470D-88BC-E22ECCF95D6F} = {0551D032-662C-4D8A-A7D7-87AB22D3E168}
		{9A5ABE8B-DF57-4AEB-826D-92A3C9FB3AEC} = {0551D032-662C-4D8A-A7D7-87AB22D3E168}
		{4A7A5B91-DFDD-412E-B87D-DD88F64D4129} = {FEA13B7A-519A-437F-BA08-B84E69343A56}
		{6ED24D6A-2F65-47AF-88ED-787907760CBF} = {CD8626CA-AC8A-455A-9209-0EAC1656A259}
		{FC72615B-FD1F-4142-9A39-332BA15358C2} = {CD8626CA-AC8A-455A-9209-0EAC1656A259}
		{37808694-92A7-499C-A86E-DF70BF44DD26} = {6ED24D6A-2F65-47AF-88ED-787907760CBF}
		{8EA530B2-C5E6-48A1-B510-CB45FFA66598} = {37808694-92A7-499C-A86E-DF70BF44DD26}
		{50ED08F2-388E-4C0C-A576-F5F4FBD37BF3} = {6ED24D6A-2F65-47AF-88ED-787907760CBF}
		{CAC546A9-F28E-4F5E-8257-211A3963CAF9} = {6ED24D6A-2F65-47AF-88ED-787907760CBF}
		{9988BD6C-91D1-42AB-BB86-ED0B976D4082} = {6ED24D6A-2F65-47AF-88ED-787907760CBF}
		{93F02B9F-03DA-4972-BE80-BC1E192DD6FB} = {9988BD6C-91D1-42AB-BB86-ED0B976D4082}
		{9A9AA579-62FF-4E9C-AD2F-F70E0B2310E1} = {50ED08F2-388E-4C0C-A576-F5F4FBD37BF3}
		{1C138703-245B-477B-AE4F-D4DFD2FD6889} = {50ED08F2-388E-4C0C-A576-F5F4FBD37BF3}
		{E524C54D-287E-4130-A69E-F4A30BF4EB13} = {50ED08F2-388E-4C0C-A576-F5F4FBD37BF3}
		{B6105901-2B81-4ED5-BE72-D5181504B910} = {CAC546A9-F28E-4F5E-8257-211A3963CAF9}
		{7F48ECD6-2E29-4AA5-B908-AF6D2CEB9918} = {51D4F3F6-3C3B-47D6-933F-F6FAEDDE3AAF}
		{016D4274-42B2-46CD-805A-BAAF5FA6C225} = {7ECF91CC-7F1B-479A-8549-83B423D397C2}
		{3061A99A-C0A5-411F-AD12-CB8A0510C912} = {C23B84D4-BD85-470D-88BC-E22ECCF95D6F}
		{A2579947-2196-45E9-8502-8BF57CF564D4} = {C23B84D4-BD85-470D-88BC-E22ECCF95D6F}
		{D5CB78B8-1096-4292-9AC9-4A748563399E} = {C23B84D4-BD85-470D-88BC-E22ECCF95D6F}
		{D52176F5-0F63-4DCC-8752-44C0DDE3C433} = {9A5ABE8B-DF57-4AEB-826D-92A3C9FB3AEC}
		{00BC8934-2201-412B-AC47-D4BF66408267} = {4A7A5B91-DFDD-412E-B87D-DD88F64D4129}
		{61E2A9B8-1C3D-45CF-AAFE-ED79981D6D40} = {FC72615B-FD1F-4142-9A39-332BA15358C2}
	EndGlobalSection
	GlobalSection(ExtensibilityGlobals) = postSolution
		SolutionGuid = {5FE70409-6D31-4AA7-9C7B-C0D35A1CFF58}
	EndGlobalSection
EndGlobal
